// !$*UTF8*$!
{
	archiveVersion = 1;
	classes = {
	};
	objectVersion = 46;
	objects = {

/* Begin PBXBuildFile section */
		11061FC11F812307003591AC /* AppDelegate.swift in Sources */ = {isa = PBXBuildFile; fileRef = 11061FC01F812307003591AC /* AppDelegate.swift */; };
		11061FC31F812307003591AC /* ViewController.swift in Sources */ = {isa = PBXBuildFile; fileRef = 11061FC21F812307003591AC /* ViewController.swift */; };
		11061FC61F812307003591AC /* Main.storyboard in Resources */ = {isa = PBXBuildFile; fileRef = 11061FC41F812307003591AC /* Main.storyboard */; };
		11061FC81F812307003591AC /* Assets.xcassets in Resources */ = {isa = PBXBuildFile; fileRef = 11061FC71F812307003591AC /* Assets.xcassets */; };
		11061FCB1F812307003591AC /* LaunchScreen.storyboard in Resources */ = {isa = PBXBuildFile; fileRef = 11061FC91F812307003591AC /* LaunchScreen.storyboard */; };
/* End PBXBuildFile section */

/* Begin PBXFileReference section */
		11061FBD1F812307003591AC /* Nemeth_Balint_Szakdolgozat_v1.app */ = {isa = PBXFileReference; explicitFileType = wrapper.application; includeInIndex = 0; path = Nemeth_Balint_Szakdolgozat_v1.app; sourceTree = BUILT_PRODUCTS_DIR; };
		11061FC01F812307003591AC /* AppDelegate.swift */ = {isa = PBXFileReference; lastKnownFileType = sourcecode.swift; path = AppDelegate.swift; sourceTree = "<group>"; };
		11061FC21F812307003591AC /* ViewController.swift */ = {isa = PBXFileReference; lastKnownFileType = sourcecode.swift; path = ViewController.swift; sourceTree = "<group>"; };
		11061FC51F812307003591AC /* Base */ = {isa = PBXFileReference; lastKnownFileType = file.storyboard; name = Base; path = Base.lproj/Main.storyboard; sourceTree = "<group>"; };
		11061FC71F812307003591AC /* Assets.xcassets */ = {isa = PBXFileReference; lastKnownFileType = folder.assetcatalog; path = Assets.xcassets; sourceTree = "<group>"; };
		11061FCA1F812307003591AC /* Base */ = {isa = PBXFileReference; lastKnownFileType = file.storyboard; name = Base; path = Base.lproj/LaunchScreen.storyboard; sourceTree = "<group>"; };
		11061FCC1F812307003591AC /* Info.plist */ = {isa = PBXFileReference; lastKnownFileType = text.plist.xml; path = Info.plist; sourceTree = "<group>"; };
/* End PBXFileReference section */

/* Begin PBXFrameworksBuildPhase section */
		11061FBA1F812307003591AC /* Frameworks */ = {
			isa = PBXFrameworksBuildPhase;
			buildActionMask = 2147483647;
			files = (
			);
			runOnlyForDeploymentPostprocessing = 0;
		};
/* End PBXFrameworksBuildPhase section */

/* Begin PBXGroup section */
		11061FB41F812307003591AC = {
			isa = PBXGroup;
			children = (
				11061FBF1F812307003591AC /* Nemeth_Balint_Szakdolgozat_v1 */,
				11061FBE1F812307003591AC /* Products */,
			);
			sourceTree = "<group>";
		};
		11061FBE1F812307003591AC /* Products */ = {
			isa = PBXGroup;
			children = (
				11061FBD1F812307003591AC /* Nemeth_Balint_Szakdolgozat_v1.app */,
			);
			name = Products;
			sourceTree = "<group>";
		};
		11061FBF1F812307003591AC /* Nemeth_Balint_Szakdolgozat_v1 */ = {
			isa = PBXGroup;
			children = (
				11061FC01F812307003591AC /* AppDelegate.swift */,
				11061FC21F812307003591AC /* ViewController.swift */,
				11061FC41F812307003591AC /* Main.storyboard */,
				11061FC71F812307003591AC /* Assets.xcassets */,
				11061FC91F812307003591AC /* LaunchScreen.storyboard */,
				11061FCC1F812307003591AC /* Info.plist */,
			);
			path = Nemeth_Balint_Szakdolgozat_v1;
			sourceTree = "<group>";
		};
/* End PBXGroup section */

/* Begin PBXNativeTarget section */
		11061FBC1F812307003591AC /* Nemeth_Balint_Szakdolgozat_v1 */ = {
			isa = PBXNativeTarget;
			buildConfigurationList = 11061FCF1F812307003591AC /* Build configuration list for PBXNativeTarget "Nemeth_Balint_Szakdolgozat_v1" */;
			buildPhases = (
				11061FB91F812307003591AC /* Sources */,
				11061FBA1F812307003591AC /* Frameworks */,
				11061FBB1F812307003591AC /* Resources */,
			);
			buildRules = (
			);
			dependencies = (
			);
			name = Nemeth_Balint_Szakdolgozat_v1;
			productName = Nemeth_Balint_Szakdolgozat_v1;
			productReference = 11061FBD1F812307003591AC /* Nemeth_Balint_Szakdolgozat_v1.app */;
			productType = "com.apple.product-type.application";
		};
/* End PBXNativeTarget section */

/* Begin PBXProject section */
		11061FB51F812307003591AC /* Project object */ = {
			isa = PBXProject;
			attributes = {
				LastSwiftUpdateCheck = 0830;
				LastUpgradeCheck = 0830;
				ORGANIZATIONNAME = "Németh Bálint";
				TargetAttributes = {
					11061FBC1F812307003591AC = {
						CreatedOnToolsVersion = 8.3.3;
						DevelopmentTeam = AF8XNTNU2S;
						ProvisioningStyle = Automatic;
					};
				};
			};
			buildConfigurationList = 11061FB81F812307003591AC /* Build configuration list for PBXProject "Nemeth_Balint_Szakdolgozat_v1" */;
			compatibilityVersion = "Xcode 3.2";
			developmentRegion = English;
			hasScannedForEncodings = 0;
			knownRegions = (
				en,
				Base,
			);
			mainGroup = 11061FB41F812307003591AC;
			productRefGroup = 11061FBE1F812307003591AC /* Products */;
			projectDirPath = "";
			projectRoot = "";
			targets = (
				11061FBC1F812307003591AC /* Nemeth_Balint_Szakdolgozat_v1 */,
			);
		};
/* End PBXProject section */

/* Begin PBXResourcesBuildPhase section */
		11061FBB1F812307003591AC /* Resources */ = {
			isa = PBXResourcesBuildPhase;
			buildActionMask = 2147483647;
			files = (
				11061FCB1F812307003591AC /* LaunchScreen.storyboard in Resources */,
				11061FC81F812307003591AC /* Assets.xcassets in Resources */,
				11061FC61F812307003591AC /* Main.storyboard in Resources */,
			);
			runOnlyForDeploymentPostprocessing = 0;
		};
/* End PBXResourcesBuildPhase section */

/* Begin PBXSourcesBuildPhase section */
		11061FB91F812307003591AC /* Sources */ = {
			isa = PBXSourcesBuildPhase;
			buildActionMask = 2147483647;
			files = (
				11061FC31F812307003591AC /* ViewController.swift in Sources */,
				11061FC11F812307003591AC /* AppDelegate.swift in Sources */,
			);
			runOnlyForDeploymentPostprocessing = 0;
		};
/* End PBXSourcesBuildPhase section */

/* Begin PBXVariantGroup section */
		11061FC41F812307003591AC /* Main.storyboard */ = {
			isa = PBXVariantGroup;
			children = (
				11061FC51F812307003591AC /* Base */,
			);
			name = Main.storyboard;
			sourceTree = "<group>";
		};
		11061FC91F812307003591AC /* LaunchScreen.storyboard */ = {
			isa = PBXVariantGroup;
			children = (
				11061FCA1F812307003591AC /* Base */,
			);
			name = LaunchScreen.storyboard;
			sourceTree = "<group>";
		};
/* End PBXVariantGroup section */

/* Begin XCBuildConfiguration section */
		11061FCD1F812307003591AC /* Debug */ = {
			isa = XCBuildConfiguration;
			buildSettings = {
				ALWAYS_SEARCH_USER_PATHS = NO;
				CLANG_ANALYZER_NONNULL = YES;
				CLANG_ANALYZER_NUMBER_OBJECT_CONVERSION = YES_AGGRESSIVE;
				CLANG_CXX_LANGUAGE_STANDARD = "gnu++0x";
				CLANG_CXX_LIBRARY = "libc++";
				CLANG_ENABLE_MODULES = YES;
				CLANG_ENABLE_OBJC_ARC = YES;
				CLANG_WARN_BOOL_CONVERSION = YES;
				CLANG_WARN_CONSTANT_CONVERSION = YES;
				CLANG_WARN_DIRECT_OBJC_ISA_USAGE = YES_ERROR;
				CLANG_WARN_DOCUMENTATION_COMMENTS = YES;
				CLANG_WARN_EMPTY_BODY = YES;
				CLANG_WARN_ENUM_CONVERSION = YES;
				CLANG_WARN_INFINITE_RECURSION = YES;
				CLANG_WARN_INT_CONVERSION = YES;
				CLANG_WARN_OBJC_ROOT_CLASS = YES_ERROR;
				CLANG_WARN_SUSPICIOUS_MOVE = YES;
				CLANG_WARN_UNREACHABLE_CODE = YES;
				CLANG_WARN__DUPLICATE_METHOD_MATCH = YES;
				"CODE_SIGN_IDENTITY[sdk=iphoneos*]" = "iPhone Developer";
				COPY_PHASE_STRIP = NO;
				DEBUG_INFORMATION_FORMAT = dwarf;
				ENABLE_STRICT_OBJC_MSGSEND = YES;
				ENABLE_TESTABILITY = YES;
				GCC_C_LANGUAGE_STANDARD = gnu99;
				GCC_DYNAMIC_NO_PIC = NO;
				GCC_NO_COMMON_BLOCKS = YES;
				GCC_OPTIMIZATION_LEVEL = 0;
				GCC_PREPROCESSOR_DEFINITIONS = (
					"DEBUG=1",
					"$(inherited)",
				);
				GCC_WARN_64_TO_32_BIT_CONVERSION = YES;
				GCC_WARN_ABOUT_RETURN_TYPE = YES_ERROR;
				GCC_WARN_UNDECLARED_SELECTOR = YES;
				GCC_WARN_UNINITIALIZED_AUTOS = YES_AGGRESSIVE;
				GCC_WARN_UNUSED_FUNCTION = YES;
				GCC_WARN_UNUSED_VARIABLE = YES;
				IPHONEOS_DEPLOYMENT_TARGET = 10.3;
				MTL_ENABLE_DEBUG_INFO = YES;
				ONLY_ACTIVE_ARCH = YES;
				SDKROOT = iphoneos;
				SWIFT_ACTIVE_COMPILATION_CONDITIONS = DEBUG;
				SWIFT_OPTIMIZATION_LEVEL = "-Onone";
				TARGETED_DEVICE_FAMILY = "1,2";
			};
			name = Debug;
		};
		11061FCE1F812307003591AC /* Release */ = {
			isa = XCBuildConfiguration;
			buildSettings = {
				ALWAYS_SEARCH_USER_PATHS = NO;
				CLANG_ANALYZER_NONNULL = YES;
				CLANG_ANALYZER_NUMBER_OBJECT_CONVERSION = YES_AGGRESSIVE;
				CLANG_CXX_LANGUAGE_STANDARD = "gnu++0x";
				CLANG_CXX_LIBRARY = "libc++";
				CLANG_ENABLE_MODULES = YES;
				CLANG_ENABLE_OBJC_ARC = YES;
				CLANG_WARN_BOOL_CONVERSION = YES;
				CLANG_WARN_CONSTANT_CONVERSION = YES;
				CLANG_WARN_DIRECT_OBJC_ISA_USAGE = YES_ERROR;
				CLANG_WARN_DOCUMENTATION_COMMENTS = YES;
				CLANG_WARN_EMPTY_BODY = YES;
				CLANG_WARN_ENUM_CONVERSION = YES;
				CLANG_WARN_INFINITE_RECURSION = YES;
				CLANG_WARN_INT_CONVERSION = YES;
				CLANG_WARN_OBJC_ROOT_CLASS = YES_ERROR;
				CLANG_WARN_SUSPICIOUS_MOVE = YES;
				CLANG_WARN_UNREACHABLE_CODE = YES;
				CLANG_WARN__DUPLICATE_METHOD_MATCH = YES;
				"CODE_SIGN_IDENTITY[sdk=iphoneos*]" = "iPhone Developer";
				COPY_PHASE_STRIP = NO;
				DEBUG_INFORMATION_FORMAT = "dwarf-with-dsym";
				ENABLE_NS_ASSERTIONS = NO;
				ENABLE_STRICT_OBJC_MSGSEND = YES;
				GCC_C_LANGUAGE_STANDARD = gnu99;
				GCC_NO_COMMON_BLOCKS = YES;
				GCC_WARN_64_TO_32_BIT_CONVERSION = YES;
				GCC_WARN_ABOUT_RETURN_TYPE = YES_ERROR;
				GCC_WARN_UNDECLARED_SELECTOR = YES;
				GCC_WARN_UNINITIALIZED_AUTOS = YES_AGGRESSIVE;
				GCC_WARN_UNUSED_FUNCTION = YES;
				GCC_WARN_UNUSED_VARIABLE = YES;
				IPHONEOS_DEPLOYMENT_TARGET = 10.3;
				MTL_ENABLE_DEBUG_INFO = NO;
				SDKROOT = iphoneos;
				SWIFT_OPTIMIZATION_LEVEL = "-Owholemodule";
				TARGETED_DEVICE_FAMILY = "1,2";
				VALIDATE_PRODUCT = YES;
			};
			name = Release;
		};
		11061FD01F812307003591AC /* Debug */ = {
			isa = XCBuildConfiguration;
			buildSettings = {
				ASSETCATALOG_COMPILER_APPICON_NAME = AppIcon;
				DEVELOPMENT_TEAM = AF8XNTNU2S;
				INFOPLIST_FILE = Nemeth_Balint_Szakdolgozat_v1/Info.plist;
				LD_RUNPATH_SEARCH_PATHS = "$(inherited) @executable_path/Frameworks";
				PRODUCT_BUNDLE_IDENTIFIER = "asd1.Nemeth-Balint-Szakdolgozat-v1";
				PRODUCT_NAME = "$(TARGET_NAME)";
				SWIFT_VERSION = 3.0;
			};
			name = Debug;
		};
		11061FD11F812307003591AC /* Release */ = {
			isa = XCBuildConfiguration;
			buildSettings = {
				ASSETCATALOG_COMPILER_APPICON_NAME = AppIcon;
				DEVELOPMENT_TEAM = AF8XNTNU2S;
				INFOPLIST_FILE = Nemeth_Balint_Szakdolgozat_v1/Info.plist;
				LD_RUNPATH_SEARCH_PATHS = "$(inherited) @executable_path/Frameworks";
				PRODUCT_BUNDLE_IDENTIFIER = "asd1.Nemeth-Balint-Szakdolgozat-v1";
				PRODUCT_NAME = "$(TARGET_NAME)";
				SWIFT_VERSION = 3.0;
			};
			name = Release;
		};
/* End XCBuildConfiguration section */

/* Begin XCConfigurationList section */
		11061FB81F812307003591AC /* Build configuration list for PBXProject "Nemeth_Balint_Szakdolgozat_v1" */ = {
			isa = XCConfigurationList;
			buildConfigurations = (
				11061FCD1F812307003591AC /* Debug */,
				11061FCE1F812307003591AC /* Release */,
			);
			defaultConfigurationIsVisible = 0;
			defaultConfigurationName = Release;
		};
		11061FCF1F812307003591AC /* Build configuration list for PBXNativeTarget "Nemeth_Balint_Szakdolgozat_v1" */ = {
			isa = XCConfigurationList;
			buildConfigurations = (
				11061FD01F812307003591AC /* Debug */,
				11061FD11F812307003591AC /* Release */,
			);
			defaultConfigurationIsVisible = 0;
		};
/* End XCConfigurationList section */
	};
	rootObject = 11061FB51F812307003591AC /* Project object */;
}
